# This file is automatically @generated by Cargo.
# It is not intended for manual editing.
version = 4

[[package]]
name = "day-01"
version = "1.0.0"
dependencies = [
 "helper",
]

[[package]]
name = "day-02"
version = "1.0.0"
dependencies = [
 "helper",
 "itoa",
]

[[package]]
name = "day-03"
version = "1.0.0"
dependencies = [
 "helper",
]

[[package]]
name = "day-04"
version = "1.0.0"
dependencies = [
 "helper",
]

[[package]]
name = "day-05"
version = "1.0.0"
dependencies = [
 "helper",
]

[[package]]
name = "day-06"
version = "1.0.0"
dependencies = [
 "helper",
]

[[package]]
name = "helper"
version = "1.0.0"

[[package]]
name = "itoa"
version = "1.0.15"
source = "registry+https://github.com/rust-lang/crates.io-index"
checksum = "4a5f13b858c8d314ee3e8f639011f7ccefe71f97f96e50151fb991f267928e2c"
